{
  "name": "procblocks",
  "version": "0.0.1",
  "lockfileVersion": 1,
  "requires": true,
  "dependencies": {
    "bn.js": {
      "version": "4.11.8",
      "resolved": "https://registry.npmjs.org/bn.js/-/bn.js-4.11.8.tgz",
      "integrity": "sha512-ItfYfPLkWHUjckQCk8xC+LwxgK8NYcXywGigJgSwOP8Y2iyWT4f2vsZnoOXTTbo+o5yXmIUJ4gn5538SO5S3gA=="
    },
    "rlp": {
      "version": "2.2.4",
      "resolved": "https://registry.npmjs.org/rlp/-/rlp-2.2.4.tgz",
      "integrity": "sha512-fdq2yYCWpAQBhwkZv+Z8o/Z4sPmYm1CUq6P7n6lVTOdb949CnqA0sndXal5C1NleSVSZm6q5F3iEbauyVln/iw==",
      "requires": {
        "bn.js": "^4.11.1"
      }
    }
  }
}
