{
  "name": "genconf",
  "version": "1.0.0",
  "lockfileVersion": 1,
  "requires": true,
  "dependencies": {
    "ajgenesis": {
      "version": "0.0.14",
      "resolved": "https://registry.npmjs.org/ajgenesis/-/ajgenesis-0.0.14.tgz",
      "integrity": "sha1-W4StxRGPi+ngsqddoEzfwZinfYQ=",
      "requires": {
        "simplejson": "0.0.2",
        "simpletpl": "0.0.2"
      }
    },
    "simpleargs": {
      "version": "0.0.3",
      "resolved": "https://registry.npmjs.org/simpleargs/-/simpleargs-0.0.3.tgz",
      "integrity": "sha1-CmqPQOxzFnNIEHB3mOTys11+9nE="
    },
    "simplejson": {
      "version": "0.0.2",
      "resolved": "https://registry.npmjs.org/simplejson/-/simplejson-0.0.2.tgz",
      "integrity": "sha1-nj2Yda7OxJVlAozZJ4sqGsa8qu8="
    },
    "simpletpl": {
      "version": "0.0.2",
      "resolved": "https://registry.npmjs.org/simpletpl/-/simpletpl-0.0.2.tgz",
      "integrity": "sha1-/ciJhz90SdPSj/p3JR1AtZGDieQ="
    }
  }
}
