{
  "name": "peers",
  "requires": true,
  "lockfileVersion": 1,
  "dependencies": {
    "simpleargs": {
      "version": "0.0.3",
      "resolved": "https://registry.npmjs.org/simpleargs/-/simpleargs-0.0.3.tgz",
      "integrity": "sha1-CmqPQOxzFnNIEHB3mOTys11+9nE="
    },
    "simplejsonrpc": {
      "version": "0.0.3",
      "resolved": "https://registry.npmjs.org/simplejsonrpc/-/simplejsonrpc-0.0.3.tgz",
      "integrity": "sha1-4ZqWOqIB8DbzjPStit+bt7q7Xj8="
    }
  }
}
